
Microsoft Visual Studio Solution File, Format Version 12.00
# Visual Studio Version 17
VisualStudioVersion = 17.6.33829.357
MinimumVisualStudioVersion = 10.0.40219.1
Project("{9A19103F-16F7-4668-BE54-9A1E7A4F7556}") = "Connect ME", "Connect ME\Connect ME.csproj", "{52D0D60C-12CB-41A7-A692-4725D5BBD8F9}"
EndProject
Project("{FAE04EC0-301F-11D3-BF4B-00C04F79EFBC}") = "Admin Dashboard", "Admin Dashboard\Admin Dashboard.csproj", "{535BBC5C-FC5E-4FA1-8AA2-ADB73A32E21A}"
EndProject
Global
	GlobalSection(SolutionConfigurationPlatforms) = preSolution
		Debug|Any CPU = Debug|Any CPU
		Release|Any CPU = Release|Any CPU
	EndGlobalSection
	GlobalSection(ProjectConfigurationPlatforms) = postSolution
		{52D0D60C-12CB-41A7-A692-4725D5BBD8F9}.Debug|Any CPU.ActiveCfg = Debug|Any CPU
		{52D0D60C-12CB-41A7-A692-4725D5BBD8F9}.Debug|Any CPU.Build.0 = Debug|Any CPU
		{52D0D60C-12CB-41A7-A692-4725D5BBD8F9}.Release|Any CPU.ActiveCfg = Release|Any CPU
		{52D0D60C-12CB-41A7-A692-4725D5BBD8F9}.Release|Any CPU.Build.0 = Release|Any CPU
		{535BBC5C-FC5E-4FA1-8AA2-ADB73A32E21A}.Debug|Any CPU.ActiveCfg = Debug|Any CPU
		{535BBC5C-FC5E-4FA1-8AA2-ADB73A32E21A}.Debug|Any CPU.Build.0 = Debug|Any CPU
		{535BBC5C-FC5E-4FA1-8AA2-ADB73A32E21A}.Release|Any CPU.ActiveCfg = Release|Any CPU
		{535BBC5C-FC5E-4FA1-8AA2-ADB73A32E21A}.Release|Any CPU.Build.0 = Release|Any CPU
	EndGlobalSection
	GlobalSection(SolutionProperties) = preSolution
		HideSolutionNode = FALSE
	EndGlobalSection
	GlobalSection(ExtensibilityGlobals) = postSolution
		SolutionGuid = {A40AAFD5-977F-479B-89D9-D1821C4D7363}
	EndGlobalSection
EndGlobal
